# THIS IS AN AUTOGENERATED FILE. DO NOT EDIT THIS FILE DIRECTLY.
# yarn lockfile v1


"@rometools/cli-darwin-arm64@12.1.2":
  version "12.1.2"
  resolved "https://registry.yarnpkg.com/@rometools/cli-darwin-arm64/-/cli-darwin-arm64-12.1.2.tgz#e08b29f6fbfc84dce00bb3c3c9e26ab25b1bc1d0"
  integrity sha512-9QxtAwNyX9n7ysxo+9qWczl70I1opulmX7LFNsRJKS9qqyTNc5K++btnNK07vWAIeQsMx4QYwr7241thuBMlFw==

"@rometools/cli-darwin-x64@12.1.2":
  version "12.1.2"
  resolved "https://registry.yarnpkg.com/@rometools/cli-darwin-x64/-/cli-darwin-x64-12.1.2.tgz#900e5a12a754f5872b99abd6baae7b184ab0526f"
  integrity sha512-w28NkGYK/rSmQU2WkNzw1h7ec8IR5a7LzYwPHDvG2ogY5sTcygkg0TGKOF/MHUvixU6EBPrFobua2gPhpr/m5A==

"@rometools/cli-linux-arm64@12.1.2":
  version "12.1.2"
  resolved "https://registry.yarnpkg.com/@rometools/cli-linux-arm64/-/cli-linux-arm64-12.1.2.tgz#3d81d8b1f6e87d04a99a0d54ccf14a3ecf69053c"
  integrity sha512-7BPGqPtnJy1O8B/ucJ5Vg+p6EUvJJ9DazrT1UEdVR/4inPqAVac9PIZDjjHXyMrt/3IngnetPyn5EXNTAqpJVw==

"@rometools/cli-linux-x64@12.1.2":
  version "12.1.2"
  resolved "https://registry.yarnpkg.com/@rometools/cli-linux-x64/-/cli-linux-x64-12.1.2.tgz#166d49f12872942b8ead7d484a29745e99d3efea"
  integrity sha512-qH2iJKPLp34D0GFK1gLolHGkTA8q2vGKh2Ae1AwoTh87g0mXyyeQf4mAtxJtf4/ydMgjEkAZdEwyaevbTX8gnQ==

"@rometools/cli-win32-arm64@12.1.2":
  version "12.1.2"
  resolved "https://registry.yarnpkg.com/@rometools/cli-win32-arm64/-/cli-win32-arm64-12.1.2.tgz#09ecdde94a38b1e133b2e8c1393d6a891323dfc7"
  integrity sha512-iIdqss2R8bni7C7isA9OLBj1UAA3MeKfca0aHNZr+2gSRdiSxO/47j6s3Tpebso99xsJBAFdWBOruG+l/C+LQg==

"@rometools/cli-win32-x64@12.1.2":
  version "12.1.2"
  resolved "https://registry.yarnpkg.com/@rometools/cli-win32-x64/-/cli-win32-x64-12.1.2.tgz#cd8d547da3c446caeb099423375d71ed1bcf213a"
  integrity sha512-MKOd02sSnd/Biogh3rIKpLFZzYbDSVvRNAxbFHJOpyGLbeQHfAg7QxjKwz0PqyrHVjZaTEEPlswrf4IFii0GNg==

"@trpc/client@^10.27.1":
  version "10.27.1"
  resolved "https://registry.yarnpkg.com/@trpc/client/-/client-10.27.1.tgz#bf1fb90198f890c8cad50f8877ff96a28c87a6e9"
  integrity sha512-e9Syj6F41OHDSUg3JvT67fgoD22UbxPzYgp9Bno13NFpyeJc6vkXRlAgDc8ZuouqUPQuouJWll/I90CsuxEqvA==

"@trpc/server@^10.27.1":
  version "10.27.1"
  resolved "https://registry.yarnpkg.com/@trpc/server/-/server-10.27.1.tgz#5a3e996c7ac83ab7a366f9517b66af1287bcf275"
  integrity sha512-oMTNpei0+CAet0BuDdBE9cup0SseJAOlWRhWhcTAU05rETsJnzCA5DfNkf+aP3XiAM8rMJfrTfC0Z3aeADhHaA==

rome@12.1.2:
  version "12.1.2"
  resolved "https://registry.yarnpkg.com/rome/-/rome-12.1.2.tgz#15d35b5a5abfce698b595913b71f26ef47a2a0c1"
  integrity sha512-ObyDevKRU6k3R9fAK9hDvrX9FSPEJ0JWNv5i65enknV+epWjEIL0jnDuijPUX7MSVS6M/ngTiKUaeF3w63SJXw==
  optionalDependencies:
    "@rometools/cli-darwin-arm64" "12.1.2"
    "@rometools/cli-darwin-x64" "12.1.2"
    "@rometools/cli-linux-arm64" "12.1.2"
    "@rometools/cli-linux-x64" "12.1.2"
    "@rometools/cli-win32-arm64" "12.1.2"
    "@rometools/cli-win32-x64" "12.1.2"
